
Microsoft Visual Studio Solution File, Format Version 12.00
Project("{FAE04EC0-301F-11D3-BF4B-00C04F79EFBC}") = "Yash", "src\Yash\Yash.csproj", "{09D1BE26-9201-48D8-9C9F-99002095581A}"
EndProject
Project("{2150E333-8FDC-42A3-9474-1A3956D46DE8}") = "Solution Items", "Solution Items", "{FB58A1BA-37EA-435F-8904-51DEAEA46E75}"
	ProjectSection(SolutionItems) = preProject
		Directory.Build.props = Directory.Build.props
		.gitignore = .gitignore
		.editorconfig = .editorconfig
		Directory.Packages.props = Directory.Packages.props
		.globalconfig = .globalconfig
		README.md = README.md
		global.json = global.json
	EndProjectSection
EndProject
Project("{FAE04EC0-301F-11D3-BF4B-00C04F79EFBC}") = "Yash.IntegrationTest", "test\Yash.IntegrationTest\Yash.IntegrationTest.csproj", "{0DEB6629-32C0-410C-BD9A-9F550165AEB2}"
EndProject
Project("{FAE04EC0-301F-11D3-BF4B-00C04F79EFBC}") = "Yash.UnitTest", "test\Yash.UnitTest\Yash.UnitTest.csproj", "{3EDD7517-FC39-4632-8AC3-190D81DFBF4C}"
EndProject
Global
	GlobalSection(SolutionConfigurationPlatforms) = preSolution
		Debug|Any CPU = Debug|Any CPU
		Release|Any CPU = Release|Any CPU
	EndGlobalSection
	GlobalSection(ProjectConfigurationPlatforms) = postSolution
		{09D1BE26-9201-48D8-9C9F-99002095581A}.Debug|Any CPU.ActiveCfg = Debug|Any CPU
		{09D1BE26-9201-48D8-9C9F-99002095581A}.Debug|Any CPU.Build.0 = Debug|Any CPU
		{09D1BE26-9201-48D8-9C9F-99002095581A}.Release|Any CPU.ActiveCfg = Release|Any CPU
		{09D1BE26-9201-48D8-9C9F-99002095581A}.Release|Any CPU.Build.0 = Release|Any CPU
		{0DEB6629-32C0-410C-BD9A-9F550165AEB2}.Debug|Any CPU.ActiveCfg = Debug|Any CPU
		{0DEB6629-32C0-410C-BD9A-9F550165AEB2}.Debug|Any CPU.Build.0 = Debug|Any CPU
		{0DEB6629-32C0-410C-BD9A-9F550165AEB2}.Release|Any CPU.ActiveCfg = Release|Any CPU
		{0DEB6629-32C0-410C-BD9A-9F550165AEB2}.Release|Any CPU.Build.0 = Release|Any CPU
		{3EDD7517-FC39-4632-8AC3-190D81DFBF4C}.Debug|Any CPU.ActiveCfg = Debug|Any CPU
		{3EDD7517-FC39-4632-8AC3-190D81DFBF4C}.Debug|Any CPU.Build.0 = Debug|Any CPU
		{3EDD7517-FC39-4632-8AC3-190D81DFBF4C}.Release|Any CPU.ActiveCfg = Release|Any CPU
		{3EDD7517-FC39-4632-8AC3-190D81DFBF4C}.Release|Any CPU.Build.0 = Release|Any CPU
	EndGlobalSection
EndGlobal
